
Microsoft Visual Studio Solution File, Format Version 12.00
# Visual Studio Version 16
VisualStudioVersion = 16.0.31702.278
MinimumVisualStudioVersion = 10.0.40219.1
Project("{8BC9CEB8-8B4A-11D0-8D11-00A0C91BC942}") = "ConsoleWrapper", "ConsoleWrapper\ConsoleWrapper.vcxproj", "{110ACD96-72CF-4491-A35C-E9DDBE23B04E}"
EndProject
Global
	GlobalSection(SolutionConfigurationPlatforms) = preSolution
		Debug|x64 = Debug|x64
		Debug|x86 = Debug|x86
		Release|x64 = Release|x64
		Release|x86 = Release|x86
	EndGlobalSection
	GlobalSection(ProjectConfigurationPlatforms) = postSolution
		{110ACD96-72CF-4491-A35C-E9DDBE23B04E}.Debug|x64.ActiveCfg = Debug|x64
		{110ACD96-72CF-4491-A35C-E9DDBE23B04E}.Debug|x64.Build.0 = Debug|x64
		{110ACD96-72CF-4491-A35C-E9DDBE23B04E}.Debug|x86.ActiveCfg = Debug|Win32
		{110ACD96-72CF-4491-A35C-E9DDBE23B04E}.Debug|x86.Build.0 = Debug|Win32
		{110ACD96-72CF-4491-A35C-E9DDBE23B04E}.Release|x64.ActiveCfg = Release|x64
		{110ACD96-72CF-4491-A35C-E9DDBE23B04E}.Release|x64.Build.0 = Release|x64
		{110ACD96-72CF-4491-A35C-E9DDBE23B04E}.Release|x86.ActiveCfg = Release|Win32
		{110ACD96-72CF-4491-A35C-E9DDBE23B04E}.Release|x86.Build.0 = Release|Win32
	EndGlobalSection
	GlobalSection(SolutionProperties) = preSolution
		HideSolutionNode = FALSE
	EndGlobalSection
	GlobalSection(ExtensibilityGlobals) = postSolution
		SolutionGuid = {616DD99B-4F82-4BF5-83C4-8B9451472B0B}
	EndGlobalSection
EndGlobal
